
Microsoft Visual Studio Solution File, Format Version 12.00
# Visual Studio 15
Project("{FAE04EC0-301F-11D3-BF4B-00C04F79EFBC}") = "Assembly-CSharp", "Assembly-CSharp.csproj", "{AFDA3DE3-7521-856C-CD6D-766C86875181}"
EndProject
Project("{FAE04EC0-301F-11D3-BF4B-00C04F79EFBC}") = "Boxophobic.Utils.Editor", "Boxophobic.Utils.Editor.csproj", "{0C2DE3BC-5D95-6CB9-C666-FB78FB293C10}"
EndProject
Project("{FAE04EC0-301F-11D3-BF4B-00C04F79EFBC}") = "Boxophobic.Utils.Scripts", "Boxophobic.Utils.Scripts.csproj", "{7C717BA9-7521-8E71-2564-9B39AD5C32C6}"
EndProject
Project("{FAE04EC0-301F-11D3-BF4B-00C04F79EFBC}") = "Boxophobic.SkyboxCubemapExtended.Editor", "Boxophobic.SkyboxCubemapExtended.Editor.csproj", "{C5FABF13-16C0-A544-FD9B-C680118B77D8}"
EndProject
Project("{FAE04EC0-301F-11D3-BF4B-00C04F79EFBC}") = "Assembly-CSharp-Editor", "Assembly-CSharp-Editor.csproj", "{73C0CD1D-1575-22EA-8C47-F23086878371}"
EndProject
Global
	GlobalSection(SolutionConfigurationPlatforms) = preSolution
		Debug|Any CPU = Debug|Any CPU
		Release|Any CPU = Release|Any CPU
	EndGlobalSection
	GlobalSection(ProjectConfigurationPlatforms) = postSolution
		{AFDA3DE3-7521-856C-CD6D-766C86875181}.Debug|Any CPU.ActiveCfg = Debug|Any CPU
		{AFDA3DE3-7521-856C-CD6D-766C86875181}.Debug|Any CPU.Build.0 = Debug|Any CPU
		{AFDA3DE3-7521-856C-CD6D-766C86875181}.Release|Any CPU.ActiveCfg = Release|Any CPU
		{AFDA3DE3-7521-856C-CD6D-766C86875181}.Release|Any CPU.Build.0 = Release|Any CPU
		{0C2DE3BC-5D95-6CB9-C666-FB78FB293C10}.Debug|Any CPU.ActiveCfg = Debug|Any CPU
		{0C2DE3BC-5D95-6CB9-C666-FB78FB293C10}.Debug|Any CPU.Build.0 = Debug|Any CPU
		{0C2DE3BC-5D95-6CB9-C666-FB78FB293C10}.Release|Any CPU.ActiveCfg = Release|Any CPU
		{0C2DE3BC-5D95-6CB9-C666-FB78FB293C10}.Release|Any CPU.Build.0 = Release|Any CPU
		{7C717BA9-7521-8E71-2564-9B39AD5C32C6}.Debug|Any CPU.ActiveCfg = Debug|Any CPU
		{7C717BA9-7521-8E71-2564-9B39AD5C32C6}.Debug|Any CPU.Build.0 = Debug|Any CPU
		{7C717BA9-7521-8E71-2564-9B39AD5C32C6}.Release|Any CPU.ActiveCfg = Release|Any CPU
		{7C717BA9-7521-8E71-2564-9B39AD5C32C6}.Release|Any CPU.Build.0 = Release|Any CPU
		{C5FABF13-16C0-A544-FD9B-C680118B77D8}.Debug|Any CPU.ActiveCfg = Debug|Any CPU
		{C5FABF13-16C0-A544-FD9B-C680118B77D8}.Debug|Any CPU.Build.0 = Debug|Any CPU
		{C5FABF13-16C0-A544-FD9B-C680118B77D8}.Release|Any CPU.ActiveCfg = Release|Any CPU
		{C5FABF13-16C0-A544-FD9B-C680118B77D8}.Release|Any CPU.Build.0 = Release|Any CPU
		{73C0CD1D-1575-22EA-8C47-F23086878371}.Debug|Any CPU.ActiveCfg = Debug|Any CPU
		{73C0CD1D-1575-22EA-8C47-F23086878371}.Debug|Any CPU.Build.0 = Debug|Any CPU
		{73C0CD1D-1575-22EA-8C47-F23086878371}.Release|Any CPU.ActiveCfg = Release|Any CPU
		{73C0CD1D-1575-22EA-8C47-F23086878371}.Release|Any CPU.Build.0 = Release|Any CPU
	EndGlobalSection
	GlobalSection(SolutionProperties) = preSolution
		HideSolutionNode = FALSE
	EndGlobalSection
EndGlobal
